
Microsoft Visual Studio Solution File, Format Version 12.00
# Visual Studio Version 17
VisualStudioVersion = 17.5.33414.496
MinimumVisualStudioVersion = 10.0.40219.1
Project("{FAE04EC0-301F-11D3-BF4B-00C04F79EFBC}") = "task(02.03)", "task(02.03).csproj", "{8FB39E58-1841-4570-B664-0E77E76778BF}"
EndProject
Global
	GlobalSection(SolutionConfigurationPlatforms) = preSolution
		Debug|Any CPU = Debug|Any CPU
		Release|Any CPU = Release|Any CPU
	EndGlobalSection
	GlobalSection(ProjectConfigurationPlatforms) = postSolution
		{8FB39E58-1841-4570-B664-0E77E76778BF}.Debug|Any CPU.ActiveCfg = Debug|Any CPU
		{8FB39E58-1841-4570-B664-0E77E76778BF}.Debug|Any CPU.Build.0 = Debug|Any CPU
		{8FB39E58-1841-4570-B664-0E77E76778BF}.Release|Any CPU.ActiveCfg = Release|Any CPU
		{8FB39E58-1841-4570-B664-0E77E76778BF}.Release|Any CPU.Build.0 = Release|Any CPU
	EndGlobalSection
	GlobalSection(SolutionProperties) = preSolution
		HideSolutionNode = FALSE
	EndGlobalSection
	GlobalSection(ExtensibilityGlobals) = postSolution
		SolutionGuid = {DA5D1DB1-8479-4134-9A3B-4869E198B870}
	EndGlobalSection
EndGlobal
