
Microsoft Visual Studio Solution File, Format Version 12.00
# Visual Studio Version 17
VisualStudioVersion = 17.5.33414.496
MinimumVisualStudioVersion = 10.0.40219.1
Project("{FAE04EC0-301F-11D3-BF4B-00C04F79EFBC}") = "task2", "task2.csproj", "{587C4A53-9B3E-415C-84C9-4A01A0D3EE81}"
EndProject
Global
	GlobalSection(SolutionConfigurationPlatforms) = preSolution
		Debug|Any CPU = Debug|Any CPU
		Release|Any CPU = Release|Any CPU
	EndGlobalSection
	GlobalSection(ProjectConfigurationPlatforms) = postSolution
		{587C4A53-9B3E-415C-84C9-4A01A0D3EE81}.Debug|Any CPU.ActiveCfg = Debug|Any CPU
		{587C4A53-9B3E-415C-84C9-4A01A0D3EE81}.Debug|Any CPU.Build.0 = Debug|Any CPU
		{587C4A53-9B3E-415C-84C9-4A01A0D3EE81}.Release|Any CPU.ActiveCfg = Release|Any CPU
		{587C4A53-9B3E-415C-84C9-4A01A0D3EE81}.Release|Any CPU.Build.0 = Release|Any CPU
	EndGlobalSection
	GlobalSection(SolutionProperties) = preSolution
		HideSolutionNode = FALSE
	EndGlobalSection
	GlobalSection(ExtensibilityGlobals) = postSolution
		SolutionGuid = {98B51B4A-B322-421C-BB88-D1D510F0E8A2}
	EndGlobalSection
EndGlobal
